
Microsoft Visual Studio Solution File, Format Version 12.00
# Visual Studio Version 17
VisualStudioVersion = 17.13.35913.81
MinimumVisualStudioVersion = 10.0.40219.1
Project("{FAE04EC0-301F-11D3-BF4B-00C04F79EFBC}") = "ApiPruebaAsis", "ApiPruebaAsis\ApiPruebaAsis.csproj", "{D18EDB7A-B7FD-4486-9D5F-3523BD35B606}"
EndProject
Project("{FAE04EC0-301F-11D3-BF4B-00C04F79EFBC}") = "ApiPruebaAsis.Application", "ApiPruebaAsis.Application\ApiPruebaAsis.Application.csproj", "{F831263B-EE09-4292-96D1-E331B9C67092}"
EndProject
Project("{FAE04EC0-301F-11D3-BF4B-00C04F79EFBC}") = "ApiPruebaAsis.Domain", "ApiPruebaAsis.Domain\ApiPruebaAsis.Domain.csproj", "{997C022C-52AC-48BE-970F-D662CE3AE99D}"
EndProject
Project("{FAE04EC0-301F-11D3-BF4B-00C04F79EFBC}") = "ApiPruebaAsis.Infrastructure", "ApiPruebaAsis.Infrastructure\ApiPruebaAsis.Infrastructure.csproj", "{E5BF9230-F027-4B57-8501-0F1F4FF8709E}"
EndProject
Project("{FAE04EC0-301F-11D3-BF4B-00C04F79EFBC}") = "ApiPruebaAsis.UnitTests", "ApiPruebaAsis.UnitTests\ApiPruebaAsis.UnitTests.csproj", "{031FE5F1-D138-4EDB-91D3-8CE27828B66A}"
EndProject
Project("{FAE04EC0-301F-11D3-BF4B-00C04F79EFBC}") = "ApiPruebaAsis.IntegrationTests", "ApiPruebaAsis.IntegrationTests\ApiPruebaAsis.IntegrationTests.csproj", "{C4F35602-CCCE-BED4-A03E-8547CEA49712}"
EndProject
Global
	GlobalSection(SolutionConfigurationPlatforms) = preSolution
		Debug|Any CPU = Debug|Any CPU
		Release|Any CPU = Release|Any CPU
	EndGlobalSection
	GlobalSection(ProjectConfigurationPlatforms) = postSolution
		{D18EDB7A-B7FD-4486-9D5F-3523BD35B606}.Debug|Any CPU.ActiveCfg = Debug|Any CPU
		{D18EDB7A-B7FD-4486-9D5F-3523BD35B606}.Debug|Any CPU.Build.0 = Debug|Any CPU
		{D18EDB7A-B7FD-4486-9D5F-3523BD35B606}.Release|Any CPU.ActiveCfg = Release|Any CPU
		{D18EDB7A-B7FD-4486-9D5F-3523BD35B606}.Release|Any CPU.Build.0 = Release|Any CPU
		{F831263B-EE09-4292-96D1-E331B9C67092}.Debug|Any CPU.ActiveCfg = Debug|Any CPU
		{F831263B-EE09-4292-96D1-E331B9C67092}.Debug|Any CPU.Build.0 = Debug|Any CPU
		{F831263B-EE09-4292-96D1-E331B9C67092}.Release|Any CPU.ActiveCfg = Release|Any CPU
		{F831263B-EE09-4292-96D1-E331B9C67092}.Release|Any CPU.Build.0 = Release|Any CPU
		{997C022C-52AC-48BE-970F-D662CE3AE99D}.Debug|Any CPU.ActiveCfg = Debug|Any CPU
		{997C022C-52AC-48BE-970F-D662CE3AE99D}.Debug|Any CPU.Build.0 = Debug|Any CPU
		{997C022C-52AC-48BE-970F-D662CE3AE99D}.Release|Any CPU.ActiveCfg = Release|Any CPU
		{997C022C-52AC-48BE-970F-D662CE3AE99D}.Release|Any CPU.Build.0 = Release|Any CPU
		{E5BF9230-F027-4B57-8501-0F1F4FF8709E}.Debug|Any CPU.ActiveCfg = Debug|Any CPU
		{E5BF9230-F027-4B57-8501-0F1F4FF8709E}.Debug|Any CPU.Build.0 = Debug|Any CPU
		{E5BF9230-F027-4B57-8501-0F1F4FF8709E}.Release|Any CPU.ActiveCfg = Release|Any CPU
		{E5BF9230-F027-4B57-8501-0F1F4FF8709E}.Release|Any CPU.Build.0 = Release|Any CPU
		{031FE5F1-D138-4EDB-91D3-8CE27828B66A}.Debug|Any CPU.ActiveCfg = Debug|Any CPU
		{031FE5F1-D138-4EDB-91D3-8CE27828B66A}.Debug|Any CPU.Build.0 = Debug|Any CPU
		{031FE5F1-D138-4EDB-91D3-8CE27828B66A}.Release|Any CPU.ActiveCfg = Release|Any CPU
		{031FE5F1-D138-4EDB-91D3-8CE27828B66A}.Release|Any CPU.Build.0 = Release|Any CPU
		{C4F35602-CCCE-BED4-A03E-8547CEA49712}.Debug|Any CPU.ActiveCfg = Debug|Any CPU
		{C4F35602-CCCE-BED4-A03E-8547CEA49712}.Debug|Any CPU.Build.0 = Debug|Any CPU
		{C4F35602-CCCE-BED4-A03E-8547CEA49712}.Release|Any CPU.ActiveCfg = Release|Any CPU
		{C4F35602-CCCE-BED4-A03E-8547CEA49712}.Release|Any CPU.Build.0 = Release|Any CPU
	EndGlobalSection
	GlobalSection(SolutionProperties) = preSolution
		HideSolutionNode = FALSE
	EndGlobalSection
	GlobalSection(ExtensibilityGlobals) = postSolution
		SolutionGuid = {9DC7FCBF-AD21-4442-842A-ABAAC89C22F6}
	EndGlobalSection
EndGlobal
